// !$*UTF8*$!
{
	archiveVersion = 1;
	classes = {
	};
	objectVersion = 46;
	objects = {

/* Begin PBXBuildFile section */
		7F13762D1D9918DF00CA2E61 /* RTCollectionView.m in Sources */ = {isa = PBXBuildFile; fileRef = 7F13762C1D9918DF00CA2E61 /* RTCollectionView.m */; };
		7F1376301D9933BC00CA2E61 /* RTCollectionViewLayout.m in Sources */ = {isa = PBXBuildFile; fileRef = 7F13762F1D9933BC00CA2E61 /* RTCollectionViewLayout.m */; };
		7F43F5CA1D813FF10069DF0A /* RowHeaderVw.xib in Resources */ = {isa = PBXBuildFile; fileRef = 7F43F5C91D813FF10069DF0A /* RowHeaderVw.xib */; };
		7F43F5CE1D8141440069DF0A /* ColumnHeaderVw.xib in Resources */ = {isa = PBXBuildFile; fileRef = 7F43F5CD1D8141440069DF0A /* ColumnHeaderVw.xib */; };
		7F978ED51D755CF4000DFCC4 /* main.m in Sources */ = {isa = PBXBuildFile; fileRef = 7F978ED41D755CF4000DFCC4 /* main.m */; };
		7F978ED81D755CF4000DFCC4 /* AppDelegate.m in Sources */ = {isa = PBXBuildFile; fileRef = 7F978ED71D755CF4000DFCC4 /* AppDelegate.m */; };
		7F978EDB1D755CF4000DFCC4 /* ViewController.m in Sources */ = {isa = PBXBuildFile; fileRef = 7F978EDA1D755CF4000DFCC4 /* ViewController.m */; };
		7F978EDE1D755CF4000DFCC4 /* Main.storyboard in Resources */ = {isa = PBXBuildFile; fileRef = 7F978EDC1D755CF4000DFCC4 /* Main.storyboard */; };
		7F978EE01D755CF4000DFCC4 /* Assets.xcassets in Resources */ = {isa = PBXBuildFile; fileRef = 7F978EDF1D755CF4000DFCC4 /* Assets.xcassets */; };
		7F978EE31D755CF4000DFCC4 /* LaunchScreen.storyboard in Resources */ = {isa = PBXBuildFile; fileRef = 7F978EE11D755CF4000DFCC4 /* LaunchScreen.storyboard */; };
		7FD655E01D92C11D00A96E75 /* RTDataSource.m in Sources */ = {isa = PBXBuildFile; fileRef = 7FD655DF1D92C11D00A96E75 /* RTDataSource.m */; };
		7FD655E61D92C38F00A96E75 /* CellXibView.xib in Resources */ = {isa = PBXBuildFile; fileRef = 7FD655E51D92C38F00A96E75 /* CellXibView.xib */; };
		7FD655F21D92C43D00A96E75 /* RTCollectionViewCell.m in Sources */ = {isa = PBXBuildFile; fileRef = 7FD655F11D92C43D00A96E75 /* RTCollectionViewCell.m */; };
		7FD655F81D92C4FF00A96E75 /* RTCornerCellCollectionReusableView.m in Sources */ = {isa = PBXBuildFile; fileRef = 7FD655F71D92C4FF00A96E75 /* RTCornerCellCollectionReusableView.m */; };
		7FD655FB1D92C52300A96E75 /* RTColumnHeaderCollectionReusableView.m in Sources */ = {isa = PBXBuildFile; fileRef = 7FD655FA1D92C52300A96E75 /* RTColumnHeaderCollectionReusableView.m */; };
		7FD655FE1D92C54300A96E75 /* RTRowHeaderCollectionReusableView.m in Sources */ = {isa = PBXBuildFile; fileRef = 7FD655FD1D92C54300A96E75 /* RTRowHeaderCollectionReusableView.m */; };
/* End PBXBuildFile section */

/* Begin PBXFileReference section */
		7F13762B1D9918DF00CA2E61 /* RTCollectionView.h */ = {isa = PBXFileReference; fileEncoding = 4; lastKnownFileType = sourcecode.c.h; name = RTCollectionView.h; path = Resources/RTCollectionView/RTCollectionView.h; sourceTree = SOURCE_ROOT; };
		7F13762C1D9918DF00CA2E61 /* RTCollectionView.m */ = {isa = PBXFileReference; fileEncoding = 4; lastKnownFileType = sourcecode.c.objc; name = RTCollectionView.m; path = Resources/RTCollectionView/RTCollectionView.m; sourceTree = SOURCE_ROOT; };
		7F13762E1D9933BC00CA2E61 /* RTCollectionViewLayout.h */ = {isa = PBXFileReference; fileEncoding = 4; lastKnownFileType = sourcecode.c.h; name = RTCollectionViewLayout.h; path = Resources/RTCollectionViewLayout/RTCollectionViewLayout.h; sourceTree = SOURCE_ROOT; };
		7F13762F1D9933BC00CA2E61 /* RTCollectionViewLayout.m */ = {isa = PBXFileReference; fileEncoding = 4; lastKnownFileType = sourcecode.c.objc; name = RTCollectionViewLayout.m; path = Resources/RTCollectionViewLayout/RTCollectionViewLayout.m; sourceTree = SOURCE_ROOT; };
		7F43F5C91D813FF10069DF0A /* RowHeaderVw.xib */ = {isa = PBXFileReference; fileEncoding = 4; lastKnownFileType = file.xib; name = RowHeaderVw.xib; path = "Resources/Row Header/RowHeaderVw.xib"; sourceTree = SOURCE_ROOT; };
		7F43F5CD1D8141440069DF0A /* ColumnHeaderVw.xib */ = {isa = PBXFileReference; fileEncoding = 4; lastKnownFileType = file.xib; name = ColumnHeaderVw.xib; path = "Resources/Column Header/ColumnHeaderVw.xib"; sourceTree = SOURCE_ROOT; };
		7F978ED01D755CF3000DFCC4 /* RTTwoDimensionalScroll.app */ = {isa = PBXFileReference; explicitFileType = wrapper.application; includeInIndex = 0; path = RTTwoDimensionalScroll.app; sourceTree = BUILT_PRODUCTS_DIR; };
		7F978ED41D755CF4000DFCC4 /* main.m */ = {isa = PBXFileReference; lastKnownFileType = sourcecode.c.objc; path = main.m; sourceTree = "<group>"; };
		7F978ED61D755CF4000DFCC4 /* AppDelegate.h */ = {isa = PBXFileReference; lastKnownFileType = sourcecode.c.h; path = AppDelegate.h; sourceTree = "<group>"; };
		7F978ED71D755CF4000DFCC4 /* AppDelegate.m */ = {isa = PBXFileReference; lastKnownFileType = sourcecode.c.objc; path = AppDelegate.m; sourceTree = "<group>"; };
		7F978ED91D755CF4000DFCC4 /* ViewController.h */ = {isa = PBXFileReference; lastKnownFileType = sourcecode.c.h; path = ViewController.h; sourceTree = "<group>"; };
		7F978EDA1D755CF4000DFCC4 /* ViewController.m */ = {isa = PBXFileReference; lastKnownFileType = sourcecode.c.objc; path = ViewController.m; sourceTree = "<group>"; };
		7F978EDD1D755CF4000DFCC4 /* Base */ = {isa = PBXFileReference; lastKnownFileType = file.storyboard; name = Base; path = Base.lproj/Main.storyboard; sourceTree = "<group>"; };
		7F978EDF1D755CF4000DFCC4 /* Assets.xcassets */ = {isa = PBXFileReference; lastKnownFileType = folder.assetcatalog; path = Assets.xcassets; sourceTree = "<group>"; };
		7F978EE21D755CF4000DFCC4 /* Base */ = {isa = PBXFileReference; lastKnownFileType = file.storyboard; name = Base; path = Base.lproj/LaunchScreen.storyboard; sourceTree = "<group>"; };
		7F978EE41D755CF4000DFCC4 /* Info.plist */ = {isa = PBXFileReference; lastKnownFileType = text.plist.xml; path = Info.plist; sourceTree = "<group>"; };
		7FD655DE1D92C11D00A96E75 /* RTDataSource.h */ = {isa = PBXFileReference; fileEncoding = 4; lastKnownFileType = sourcecode.c.h; name = RTDataSource.h; path = Resources/RTDataSource/RTDataSource.h; sourceTree = SOURCE_ROOT; };
		7FD655DF1D92C11D00A96E75 /* RTDataSource.m */ = {isa = PBXFileReference; fileEncoding = 4; lastKnownFileType = sourcecode.c.objc; name = RTDataSource.m; path = Resources/RTDataSource/RTDataSource.m; sourceTree = SOURCE_ROOT; };
		7FD655E51D92C38F00A96E75 /* CellXibView.xib */ = {isa = PBXFileReference; fileEncoding = 4; lastKnownFileType = file.xib; name = CellXibView.xib; path = Resources/Cell/CellXibView.xib; sourceTree = SOURCE_ROOT; };
		7FD655F01D92C43D00A96E75 /* RTCollectionViewCell.h */ = {isa = PBXFileReference; fileEncoding = 4; lastKnownFileType = sourcecode.c.h; name = RTCollectionViewCell.h; path = Resources/Cell/RTCollectionViewCell.h; sourceTree = SOURCE_ROOT; };
		7FD655F11D92C43D00A96E75 /* RTCollectionViewCell.m */ = {isa = PBXFileReference; fileEncoding = 4; lastKnownFileType = sourcecode.c.objc; name = RTCollectionViewCell.m; path = Resources/Cell/RTCollectionViewCell.m; sourceTree = SOURCE_ROOT; };
		7FD655F61D92C4FF00A96E75 /* RTCornerCellCollectionReusableView.h */ = {isa = PBXFileReference; fileEncoding = 4; lastKnownFileType = sourcecode.c.h; name = RTCornerCellCollectionReusableView.h; path = "Resources/Corner View/RTCornerCellCollectionReusableView.h"; sourceTree = SOURCE_ROOT; };
		7FD655F71D92C4FF00A96E75 /* RTCornerCellCollectionReusableView.m */ = {isa = PBXFileReference; fileEncoding = 4; lastKnownFileType = sourcecode.c.objc; name = RTCornerCellCollectionReusableView.m; path = "Resources/Corner View/RTCornerCellCollectionReusableView.m"; sourceTree = SOURCE_ROOT; };
		7FD655F91D92C52300A96E75 /* RTColumnHeaderCollectionReusableView.h */ = {isa = PBXFileReference; fileEncoding = 4; lastKnownFileType = sourcecode.c.h; name = RTColumnHeaderCollectionReusableView.h; path = "Resources/Column Header/RTColumnHeaderCollectionReusableView.h"; sourceTree = SOURCE_ROOT; };
		7FD655FA1D92C52300A96E75 /* RTColumnHeaderCollectionReusableView.m */ = {isa = PBXFileReference; fileEncoding = 4; lastKnownFileType = sourcecode.c.objc; name = RTColumnHeaderCollectionReusableView.m; path = "Resources/Column Header/RTColumnHeaderCollectionReusableView.m"; sourceTree = SOURCE_ROOT; };
		7FD655FC1D92C54300A96E75 /* RTRowHeaderCollectionReusableView.h */ = {isa = PBXFileReference; fileEncoding = 4; lastKnownFileType = sourcecode.c.h; name = RTRowHeaderCollectionReusableView.h; path = "Resources/Row Header/RTRowHeaderCollectionReusableView.h"; sourceTree = SOURCE_ROOT; };
		7FD655FD1D92C54300A96E75 /* RTRowHeaderCollectionReusableView.m */ = {isa = PBXFileReference; fileEncoding = 4; lastKnownFileType = sourcecode.c.objc; name = RTRowHeaderCollectionReusableView.m; path = "Resources/Row Header/RTRowHeaderCollectionReusableView.m"; sourceTree = SOURCE_ROOT; };
/* End PBXFileReference section */

/* Begin PBXFrameworksBuildPhase section */
		7F978ECD1D755CF3000DFCC4 /* Frameworks */ = {
			isa = PBXFrameworksBuildPhase;
			buildActionMask = 2147483647;
			files = (
			);
			runOnlyForDeploymentPostprocessing = 0;
		};
/* End PBXFrameworksBuildPhase section */

/* Begin PBXGroup section */
		7F13762A1D99189400CA2E61 /* RTCollecttionView */ = {
			isa = PBXGroup;
			children = (
				7F13762B1D9918DF00CA2E61 /* RTCollectionView.h */,
				7F13762C1D9918DF00CA2E61 /* RTCollectionView.m */,
			);
			name = RTCollecttionView;
			sourceTree = "<group>";
		};
		7F43F5C51D813F560069DF0A /* Row Header */ = {
			isa = PBXGroup;
			children = (
				7F43F5C91D813FF10069DF0A /* RowHeaderVw.xib */,
				7FD655FC1D92C54300A96E75 /* RTRowHeaderCollectionReusableView.h */,
				7FD655FD1D92C54300A96E75 /* RTRowHeaderCollectionReusableView.m */,
			);
			name = "Row Header";
			sourceTree = "<group>";
		};
		7F43F5CB1D81410B0069DF0A /* Resources */ = {
			isa = PBXGroup;
			children = (
				7F13762A1D99189400CA2E61 /* RTCollecttionView */,
				7FD655DD1D92B92A00A96E75 /* RTDataSource */,
				7F43F5D21D8142790069DF0A /* RTCollectionViewLayout */,
				7FD655E11D92C28300A96E75 /* Cell */,
				7F43F5CF1D8141BA0069DF0A /* Corner View */,
				7F43F5CC1D8141190069DF0A /* Column Header */,
				7F43F5C51D813F560069DF0A /* Row Header */,
			);
			name = Resources;
			sourceTree = "<group>";
		};
		7F43F5CC1D8141190069DF0A /* Column Header */ = {
			isa = PBXGroup;
			children = (
				7F43F5CD1D8141440069DF0A /* ColumnHeaderVw.xib */,
				7FD655F91D92C52300A96E75 /* RTColumnHeaderCollectionReusableView.h */,
				7FD655FA1D92C52300A96E75 /* RTColumnHeaderCollectionReusableView.m */,
			);
			name = "Column Header";
			sourceTree = "<group>";
		};
		7F43F5CF1D8141BA0069DF0A /* Corner View */ = {
			isa = PBXGroup;
			children = (
				7FD655F61D92C4FF00A96E75 /* RTCornerCellCollectionReusableView.h */,
				7FD655F71D92C4FF00A96E75 /* RTCornerCellCollectionReusableView.m */,
			);
			name = "Corner View";
			sourceTree = "<group>";
		};
		7F43F5D21D8142790069DF0A /* RTCollectionViewLayout */ = {
			isa = PBXGroup;
			children = (
				7F13762E1D9933BC00CA2E61 /* RTCollectionViewLayout.h */,
				7F13762F1D9933BC00CA2E61 /* RTCollectionViewLayout.m */,
			);
			name = RTCollectionViewLayout;
			sourceTree = "<group>";
		};
		7F978EC71D755CF3000DFCC4 = {
			isa = PBXGroup;
			children = (
				7F978ED21D755CF4000DFCC4 /* RTTwoDimensionalScroll */,
				7F978ED11D755CF3000DFCC4 /* Products */,
			);
			sourceTree = "<group>";
		};
		7F978ED11D755CF3000DFCC4 /* Products */ = {
			isa = PBXGroup;
			children = (
				7F978ED01D755CF3000DFCC4 /* RTTwoDimensionalScroll.app */,
			);
			name = Products;
			sourceTree = "<group>";
		};
		7F978ED21D755CF4000DFCC4 /* RTTwoDimensionalScroll */ = {
			isa = PBXGroup;
			children = (
				7F43F5CB1D81410B0069DF0A /* Resources */,
				7F978ED61D755CF4000DFCC4 /* AppDelegate.h */,
				7F978ED71D755CF4000DFCC4 /* AppDelegate.m */,
				7F978ED91D755CF4000DFCC4 /* ViewController.h */,
				7F978EDA1D755CF4000DFCC4 /* ViewController.m */,
				7F978EDC1D755CF4000DFCC4 /* Main.storyboard */,
				7F978EDF1D755CF4000DFCC4 /* Assets.xcassets */,
				7F978EE11D755CF4000DFCC4 /* LaunchScreen.storyboard */,
				7F978EE41D755CF4000DFCC4 /* Info.plist */,
				7F978ED31D755CF4000DFCC4 /* Supporting Files */,
			);
			path = RTTwoDimensionalScroll;
			sourceTree = "<group>";
		};
		7F978ED31D755CF4000DFCC4 /* Supporting Files */ = {
			isa = PBXGroup;
			children = (
				7F978ED41D755CF4000DFCC4 /* main.m */,
			);
			name = "Supporting Files";
			sourceTree = "<group>";
		};
		7FD655DD1D92B92A00A96E75 /* RTDataSource */ = {
			isa = PBXGroup;
			children = (
				7FD655DE1D92C11D00A96E75 /* RTDataSource.h */,
				7FD655DF1D92C11D00A96E75 /* RTDataSource.m */,
			);
			name = RTDataSource;
			sourceTree = "<group>";
		};
		7FD655E11D92C28300A96E75 /* Cell */ = {
			isa = PBXGroup;
			children = (
				7FD655F01D92C43D00A96E75 /* RTCollectionViewCell.h */,
				7FD655F11D92C43D00A96E75 /* RTCollectionViewCell.m */,
				7FD655E51D92C38F00A96E75 /* CellXibView.xib */,
			);
			name = Cell;
			sourceTree = "<group>";
		};
/* End PBXGroup section */

/* Begin PBXNativeTarget section */
		7F978ECF1D755CF3000DFCC4 /* RTTwoDimensionalScroll */ = {
			isa = PBXNativeTarget;
			buildConfigurationList = 7F978EE71D755CF4000DFCC4 /* Build configuration list for PBXNativeTarget "RTTwoDimensionalScroll" */;
			buildPhases = (
				7F978ECC1D755CF3000DFCC4 /* Sources */,
				7F978ECD1D755CF3000DFCC4 /* Frameworks */,
				7F978ECE1D755CF3000DFCC4 /* Resources */,
			);
			buildRules = (
			);
			dependencies = (
			);
			name = RTTwoDimensionalScroll;
			productName = RTTwoDimensionalScroll;
			productReference = 7F978ED01D755CF3000DFCC4 /* RTTwoDimensionalScroll.app */;
			productType = "com.apple.product-type.application";
		};
/* End PBXNativeTarget section */

/* Begin PBXProject section */
		7F978EC81D755CF3000DFCC4 /* Project object */ = {
			isa = PBXProject;
			attributes = {
				LastUpgradeCheck = 0730;
				ORGANIZATIONNAME = riktam;
				TargetAttributes = {
					7F978ECF1D755CF3000DFCC4 = {
						CreatedOnToolsVersion = 7.3.1;
					};
				};
			};
			buildConfigurationList = 7F978ECB1D755CF3000DFCC4 /* Build configuration list for PBXProject "RTTwoDimensionalScroll" */;
			compatibilityVersion = "Xcode 3.2";
			developmentRegion = English;
			hasScannedForEncodings = 0;
			knownRegions = (
				en,
				Base,
			);
			mainGroup = 7F978EC71D755CF3000DFCC4;
			productRefGroup = 7F978ED11D755CF3000DFCC4 /* Products */;
			projectDirPath = "";
			projectRoot = "";
			targets = (
				7F978ECF1D755CF3000DFCC4 /* RTTwoDimensionalScroll */,
			);
		};
/* End PBXProject section */

/* Begin PBXResourcesBuildPhase section */
		7F978ECE1D755CF3000DFCC4 /* Resources */ = {
			isa = PBXResourcesBuildPhase;
			buildActionMask = 2147483647;
			files = (
				7FD655E61D92C38F00A96E75 /* CellXibView.xib in Resources */,
				7F43F5CE1D8141440069DF0A /* ColumnHeaderVw.xib in Resources */,
				7F978EE31D755CF4000DFCC4 /* LaunchScreen.storyboard in Resources */,
				7F978EE01D755CF4000DFCC4 /* Assets.xcassets in Resources */,
				7F43F5CA1D813FF10069DF0A /* RowHeaderVw.xib in Resources */,
				7F978EDE1D755CF4000DFCC4 /* Main.storyboard in Resources */,
			);
			runOnlyForDeploymentPostprocessing = 0;
		};
/* End PBXResourcesBuildPhase section */

/* Begin PBXSourcesBuildPhase section */
		7F978ECC1D755CF3000DFCC4 /* Sources */ = {
			isa = PBXSourcesBuildPhase;
			buildActionMask = 2147483647;
			files = (
				7F1376301D9933BC00CA2E61 /* RTCollectionViewLayout.m in Sources */,
				7FD655FE1D92C54300A96E75 /* RTRowHeaderCollectionReusableView.m in Sources */,
				7FD655FB1D92C52300A96E75 /* RTColumnHeaderCollectionReusableView.m in Sources */,
				7F978EDB1D755CF4000DFCC4 /* ViewController.m in Sources */,
				7F978ED81D755CF4000DFCC4 /* AppDelegate.m in Sources */,
				7FD655F81D92C4FF00A96E75 /* RTCornerCellCollectionReusableView.m in Sources */,
				7F13762D1D9918DF00CA2E61 /* RTCollectionView.m in Sources */,
				7FD655E01D92C11D00A96E75 /* RTDataSource.m in Sources */,
				7F978ED51D755CF4000DFCC4 /* main.m in Sources */,
				7FD655F21D92C43D00A96E75 /* RTCollectionViewCell.m in Sources */,
			);
			runOnlyForDeploymentPostprocessing = 0;
		};
/* End PBXSourcesBuildPhase section */

/* Begin PBXVariantGroup section */
		7F978EDC1D755CF4000DFCC4 /* Main.storyboard */ = {
			isa = PBXVariantGroup;
			children = (
				7F978EDD1D755CF4000DFCC4 /* Base */,
			);
			name = Main.storyboard;
			sourceTree = "<group>";
		};
		7F978EE11D755CF4000DFCC4 /* LaunchScreen.storyboard */ = {
			isa = PBXVariantGroup;
			children = (
				7F978EE21D755CF4000DFCC4 /* Base */,
			);
			name = LaunchScreen.storyboard;
			sourceTree = "<group>";
		};
/* End PBXVariantGroup section */

/* Begin XCBuildConfiguration section */
		7F978EE51D755CF4000DFCC4 /* Debug */ = {
			isa = XCBuildConfiguration;
			buildSettings = {
				ALWAYS_SEARCH_USER_PATHS = NO;
				CLANG_ANALYZER_NONNULL = YES;
				CLANG_CXX_LANGUAGE_STANDARD = "gnu++0x";
				CLANG_CXX_LIBRARY = "libc++";
				CLANG_ENABLE_MODULES = YES;
				CLANG_ENABLE_OBJC_ARC = YES;
				CLANG_WARN_BOOL_CONVERSION = YES;
				CLANG_WARN_CONSTANT_CONVERSION = YES;
				CLANG_WARN_DIRECT_OBJC_ISA_USAGE = YES_ERROR;
				CLANG_WARN_EMPTY_BODY = YES;
				CLANG_WARN_ENUM_CONVERSION = YES;
				CLANG_WARN_INT_CONVERSION = YES;
				CLANG_WARN_OBJC_ROOT_CLASS = YES_ERROR;
				CLANG_WARN_UNREACHABLE_CODE = YES;
				CLANG_WARN__DUPLICATE_METHOD_MATCH = YES;
				"CODE_SIGN_IDENTITY[sdk=iphoneos*]" = "iPhone Developer";
				COPY_PHASE_STRIP = NO;
				DEBUG_INFORMATION_FORMAT = dwarf;
				ENABLE_STRICT_OBJC_MSGSEND = YES;
				ENABLE_TESTABILITY = YES;
				GCC_C_LANGUAGE_STANDARD = gnu99;
				GCC_DYNAMIC_NO_PIC = NO;
				GCC_NO_COMMON_BLOCKS = YES;
				GCC_OPTIMIZATION_LEVEL = 0;
				GCC_PREPROCESSOR_DEFINITIONS = (
					"DEBUG=1",
					"$(inherited)",
				);
				GCC_WARN_64_TO_32_BIT_CONVERSION = YES;
				GCC_WARN_ABOUT_RETURN_TYPE = YES_ERROR;
				GCC_WARN_UNDECLARED_SELECTOR = YES;
				GCC_WARN_UNINITIALIZED_AUTOS = YES_AGGRESSIVE;
				GCC_WARN_UNUSED_FUNCTION = YES;
				GCC_WARN_UNUSED_VARIABLE = YES;
				IPHONEOS_DEPLOYMENT_TARGET = 9.3;
				MTL_ENABLE_DEBUG_INFO = YES;
				ONLY_ACTIVE_ARCH = YES;
				SDKROOT = iphoneos;
				TARGETED_DEVICE_FAMILY = "1,2";
			};
			name = Debug;
		};
		7F978EE61D755CF4000DFCC4 /* Release */ = {
			isa = XCBuildConfiguration;
			buildSettings = {
				ALWAYS_SEARCH_USER_PATHS = NO;
				CLANG_ANALYZER_NONNULL = YES;
				CLANG_CXX_LANGUAGE_STANDARD = "gnu++0x";
				CLANG_CXX_LIBRARY = "libc++";
				CLANG_ENABLE_MODULES = YES;
				CLANG_ENABLE_OBJC_ARC = YES;
				CLANG_WARN_BOOL_CONVERSION = YES;
				CLANG_WARN_CONSTANT_CONVERSION = YES;
				CLANG_WARN_DIRECT_OBJC_ISA_USAGE = YES_ERROR;
				CLANG_WARN_EMPTY_BODY = YES;
				CLANG_WARN_ENUM_CONVERSION = YES;
				CLANG_WARN_INT_CONVERSION = YES;
				CLANG_WARN_OBJC_ROOT_CLASS = YES_ERROR;
				CLANG_WARN_UNREACHABLE_CODE = YES;
				CLANG_WARN__DUPLICATE_METHOD_MATCH = YES;
				"CODE_SIGN_IDENTITY[sdk=iphoneos*]" = "iPhone Developer";
				COPY_PHASE_STRIP = NO;
				DEBUG_INFORMATION_FORMAT = "dwarf-with-dsym";
				ENABLE_NS_ASSERTIONS = NO;
				ENABLE_STRICT_OBJC_MSGSEND = YES;
				GCC_C_LANGUAGE_STANDARD = gnu99;
				GCC_NO_COMMON_BLOCKS = YES;
				GCC_WARN_64_TO_32_BIT_CONVERSION = YES;
				GCC_WARN_ABOUT_RETURN_TYPE = YES_ERROR;
				GCC_WARN_UNDECLARED_SELECTOR = YES;
				GCC_WARN_UNINITIALIZED_AUTOS = YES_AGGRESSIVE;
				GCC_WARN_UNUSED_FUNCTION = YES;
				GCC_WARN_UNUSED_VARIABLE = YES;
				IPHONEOS_DEPLOYMENT_TARGET = 9.3;
				MTL_ENABLE_DEBUG_INFO = NO;
				SDKROOT = iphoneos;
				TARGETED_DEVICE_FAMILY = "1,2";
				VALIDATE_PRODUCT = YES;
			};
			name = Release;
		};
		7F978EE81D755CF4000DFCC4 /* Debug */ = {
			isa = XCBuildConfiguration;
			buildSettings = {
				ASSETCATALOG_COMPILER_APPICON_NAME = AppIcon;
				INFOPLIST_FILE = RTTwoDimensionalScroll/Info.plist;
				LD_RUNPATH_SEARCH_PATHS = "$(inherited) @executable_path/Frameworks";
				PRODUCT_BUNDLE_IDENTIFIER = com.riktam.RTTwoDimensionalScroll;
				PRODUCT_NAME = "$(TARGET_NAME)";
			};
			name = Debug;
		};
		7F978EE91D755CF4000DFCC4 /* Release */ = {
			isa = XCBuildConfiguration;
			buildSettings = {
				ASSETCATALOG_COMPILER_APPICON_NAME = AppIcon;
				INFOPLIST_FILE = RTTwoDimensionalScroll/Info.plist;
				LD_RUNPATH_SEARCH_PATHS = "$(inherited) @executable_path/Frameworks";
				PRODUCT_BUNDLE_IDENTIFIER = com.riktam.RTTwoDimensionalScroll;
				PRODUCT_NAME = "$(TARGET_NAME)";
			};
			name = Release;
		};
/* End XCBuildConfiguration section */

/* Begin XCConfigurationList section */
		7F978ECB1D755CF3000DFCC4 /* Build configuration list for PBXProject "RTTwoDimensionalScroll" */ = {
			isa = XCConfigurationList;
			buildConfigurations = (
				7F978EE51D755CF4000DFCC4 /* Debug */,
				7F978EE61D755CF4000DFCC4 /* Release */,
			);
			defaultConfigurationIsVisible = 0;
			defaultConfigurationName = Release;
		};
		7F978EE71D755CF4000DFCC4 /* Build configuration list for PBXNativeTarget "RTTwoDimensionalScroll" */ = {
			isa = XCConfigurationList;
			buildConfigurations = (
				7F978EE81D755CF4000DFCC4 /* Debug */,
				7F978EE91D755CF4000DFCC4 /* Release */,
			);
			defaultConfigurationIsVisible = 0;
			defaultConfigurationName = Release;
		};
/* End XCConfigurationList section */
	};
	rootObject = 7F978EC81D755CF3000DFCC4 /* Project object */;
}
